// !$*UTF8*$!
{
	archiveVersion = 1;
	classes = {
	};
	objectVersion = 48;
	objects = {

/* Begin PBXBuildFile section */
		D06A6A35205B86410096304F /* NaviActionController2.m in Sources */ = {isa = PBXBuildFile; fileRef = D06A6A34205B86400096304F /* NaviActionController2.m */; };
		D06A6A38205B8F7C0096304F /* NaviActionContentView.m in Sources */ = {isa = PBXBuildFile; fileRef = D06A6A37205B8F7C0096304F /* NaviActionContentView.m */; };
		D06A6A39205B91B30096304F /* NaviActionController.m in Sources */ = {isa = PBXBuildFile; fileRef = D0AF177E2059163300D7A460 /* NaviActionController.m */; };
		D06A6A3C205B93AB0096304F /* NaviViewController2.m in Sources */ = {isa = PBXBuildFile; fileRef = D06A6A3B205B93AB0096304F /* NaviViewController2.m */; };
		D0AF1768205915EF00D7A460 /* AppDelegate.m in Sources */ = {isa = PBXBuildFile; fileRef = D0AF1767205915EF00D7A460 /* AppDelegate.m */; };
		D0AF176B205915EF00D7A460 /* ViewController.m in Sources */ = {isa = PBXBuildFile; fileRef = D0AF176A205915EF00D7A460 /* ViewController.m */; };
		D0AF176E205915EF00D7A460 /* Main.storyboard in Resources */ = {isa = PBXBuildFile; fileRef = D0AF176C205915EF00D7A460 /* Main.storyboard */; };
		D0AF1770205915EF00D7A460 /* Assets.xcassets in Resources */ = {isa = PBXBuildFile; fileRef = D0AF176F205915EF00D7A460 /* Assets.xcassets */; };
		D0AF1773205915EF00D7A460 /* LaunchScreen.storyboard in Resources */ = {isa = PBXBuildFile; fileRef = D0AF1771205915EF00D7A460 /* LaunchScreen.storyboard */; };
		D0AF1776205915EF00D7A460 /* main.m in Sources */ = {isa = PBXBuildFile; fileRef = D0AF1775205915EF00D7A460 /* main.m */; };
		D0BE5A32205A3215006CE5EE /* NaviViewController.m in Sources */ = {isa = PBXBuildFile; fileRef = D0BE5A31205A3215006CE5EE /* NaviViewController.m */; };
		D0BE5A35205A347D006CE5EE /* DragViewController.m in Sources */ = {isa = PBXBuildFile; fileRef = D0BE5A34205A347D006CE5EE /* DragViewController.m */; };
		D0BE5A5A205A4972006CE5EE /* LabelViewController.m in Sources */ = {isa = PBXBuildFile; fileRef = D0BE5A59205A4972006CE5EE /* LabelViewController.m */; };
/* End PBXBuildFile section */

/* Begin PBXFileReference section */
		D06A6A33205B86400096304F /* NaviActionController2.h */ = {isa = PBXFileReference; fileEncoding = 4; lastKnownFileType = sourcecode.c.h; path = NaviActionController2.h; sourceTree = "<group>"; };
		D06A6A34205B86400096304F /* NaviActionController2.m */ = {isa = PBXFileReference; fileEncoding = 4; lastKnownFileType = sourcecode.c.objc; path = NaviActionController2.m; sourceTree = "<group>"; };
		D06A6A36205B8F7C0096304F /* NaviActionContentView.h */ = {isa = PBXFileReference; lastKnownFileType = sourcecode.c.h; path = NaviActionContentView.h; sourceTree = "<group>"; };
		D06A6A37205B8F7C0096304F /* NaviActionContentView.m */ = {isa = PBXFileReference; lastKnownFileType = sourcecode.c.objc; path = NaviActionContentView.m; sourceTree = "<group>"; };
		D06A6A3A205B93AB0096304F /* NaviViewController2.h */ = {isa = PBXFileReference; lastKnownFileType = sourcecode.c.h; path = NaviViewController2.h; sourceTree = "<group>"; };
		D06A6A3B205B93AB0096304F /* NaviViewController2.m */ = {isa = PBXFileReference; lastKnownFileType = sourcecode.c.objc; path = NaviViewController2.m; sourceTree = "<group>"; };
		D0AF1763205915EF00D7A460 /* AutoLayoutExample.app */ = {isa = PBXFileReference; explicitFileType = wrapper.application; includeInIndex = 0; path = AutoLayoutExample.app; sourceTree = BUILT_PRODUCTS_DIR; };
		D0AF1766205915EF00D7A460 /* AppDelegate.h */ = {isa = PBXFileReference; lastKnownFileType = sourcecode.c.h; path = AppDelegate.h; sourceTree = "<group>"; };
		D0AF1767205915EF00D7A460 /* AppDelegate.m */ = {isa = PBXFileReference; lastKnownFileType = sourcecode.c.objc; path = AppDelegate.m; sourceTree = "<group>"; };
		D0AF1769205915EF00D7A460 /* ViewController.h */ = {isa = PBXFileReference; lastKnownFileType = sourcecode.c.h; path = ViewController.h; sourceTree = "<group>"; };
		D0AF176A205915EF00D7A460 /* ViewController.m */ = {isa = PBXFileReference; lastKnownFileType = sourcecode.c.objc; path = ViewController.m; sourceTree = "<group>"; };
		D0AF176D205915EF00D7A460 /* Base */ = {isa = PBXFileReference; lastKnownFileType = file.storyboard; name = Base; path = Base.lproj/Main.storyboard; sourceTree = "<group>"; };
		D0AF176F205915EF00D7A460 /* Assets.xcassets */ = {isa = PBXFileReference; lastKnownFileType = folder.assetcatalog; path = Assets.xcassets; sourceTree = "<group>"; };
		D0AF1772205915EF00D7A460 /* Base */ = {isa = PBXFileReference; lastKnownFileType = file.storyboard; name = Base; path = Base.lproj/LaunchScreen.storyboard; sourceTree = "<group>"; };
		D0AF1774205915EF00D7A460 /* Info.plist */ = {isa = PBXFileReference; lastKnownFileType = text.plist.xml; path = Info.plist; sourceTree = "<group>"; };
		D0AF1775205915EF00D7A460 /* main.m */ = {isa = PBXFileReference; lastKnownFileType = sourcecode.c.objc; path = main.m; sourceTree = "<group>"; };
		D0AF177D2059163300D7A460 /* NaviActionController.h */ = {isa = PBXFileReference; fileEncoding = 4; lastKnownFileType = sourcecode.c.h; path = NaviActionController.h; sourceTree = "<group>"; };
		D0AF177E2059163300D7A460 /* NaviActionController.m */ = {isa = PBXFileReference; fileEncoding = 4; lastKnownFileType = sourcecode.c.objc; path = NaviActionController.m; sourceTree = "<group>"; };
		D0BE5A30205A3215006CE5EE /* NaviViewController.h */ = {isa = PBXFileReference; lastKnownFileType = sourcecode.c.h; path = NaviViewController.h; sourceTree = "<group>"; };
		D0BE5A31205A3215006CE5EE /* NaviViewController.m */ = {isa = PBXFileReference; lastKnownFileType = sourcecode.c.objc; path = NaviViewController.m; sourceTree = "<group>"; };
		D0BE5A33205A347D006CE5EE /* DragViewController.h */ = {isa = PBXFileReference; lastKnownFileType = sourcecode.c.h; path = DragViewController.h; sourceTree = "<group>"; };
		D0BE5A34205A347D006CE5EE /* DragViewController.m */ = {isa = PBXFileReference; lastKnownFileType = sourcecode.c.objc; path = DragViewController.m; sourceTree = "<group>"; };
		D0BE5A58205A4972006CE5EE /* LabelViewController.h */ = {isa = PBXFileReference; lastKnownFileType = sourcecode.c.h; path = LabelViewController.h; sourceTree = "<group>"; };
		D0BE5A59205A4972006CE5EE /* LabelViewController.m */ = {isa = PBXFileReference; lastKnownFileType = sourcecode.c.objc; path = LabelViewController.m; sourceTree = "<group>"; };
/* End PBXFileReference section */

/* Begin PBXFrameworksBuildPhase section */
		D0AF1760205915EF00D7A460 /* Frameworks */ = {
			isa = PBXFrameworksBuildPhase;
			buildActionMask = 2147483647;
			files = (
			);
			runOnlyForDeploymentPostprocessing = 0;
		};
/* End PBXFrameworksBuildPhase section */

/* Begin PBXGroup section */
		D0AF175A205915EF00D7A460 = {
			isa = PBXGroup;
			children = (
				D0AF1765205915EF00D7A460 /* AutoLayoutExample */,
				D0AF1764205915EF00D7A460 /* Products */,
			);
			sourceTree = "<group>";
		};
		D0AF1764205915EF00D7A460 /* Products */ = {
			isa = PBXGroup;
			children = (
				D0AF1763205915EF00D7A460 /* AutoLayoutExample.app */,
			);
			name = Products;
			sourceTree = "<group>";
		};
		D0AF1765205915EF00D7A460 /* AutoLayoutExample */ = {
			isa = PBXGroup;
			children = (
				D0BE5A2F205A31DD006CE5EE /* Example */,
				D0AF1766205915EF00D7A460 /* AppDelegate.h */,
				D0AF1767205915EF00D7A460 /* AppDelegate.m */,
				D0AF1769205915EF00D7A460 /* ViewController.h */,
				D0AF176A205915EF00D7A460 /* ViewController.m */,
				D0AF176C205915EF00D7A460 /* Main.storyboard */,
				D0AF176F205915EF00D7A460 /* Assets.xcassets */,
				D0AF1771205915EF00D7A460 /* LaunchScreen.storyboard */,
				D0AF1774205915EF00D7A460 /* Info.plist */,
				D0AF1775205915EF00D7A460 /* main.m */,
			);
			path = AutoLayoutExample;
			sourceTree = "<group>";
		};
		D0BE5A2F205A31DD006CE5EE /* Example */ = {
			isa = PBXGroup;
			children = (
				D06A6A33205B86400096304F /* NaviActionController2.h */,
				D06A6A34205B86400096304F /* NaviActionController2.m */,
				D06A6A36205B8F7C0096304F /* NaviActionContentView.h */,
				D06A6A37205B8F7C0096304F /* NaviActionContentView.m */,
				D0AF177D2059163300D7A460 /* NaviActionController.h */,
				D0AF177E2059163300D7A460 /* NaviActionController.m */,
				D0BE5A30205A3215006CE5EE /* NaviViewController.h */,
				D0BE5A31205A3215006CE5EE /* NaviViewController.m */,
				D06A6A3A205B93AB0096304F /* NaviViewController2.h */,
				D06A6A3B205B93AB0096304F /* NaviViewController2.m */,
				D0BE5A33205A347D006CE5EE /* DragViewController.h */,
				D0BE5A34205A347D006CE5EE /* DragViewController.m */,
				D0BE5A58205A4972006CE5EE /* LabelViewController.h */,
				D0BE5A59205A4972006CE5EE /* LabelViewController.m */,
			);
			name = Example;
			sourceTree = "<group>";
		};
/* End PBXGroup section */

/* Begin PBXNativeTarget section */
		D0AF1762205915EF00D7A460 /* AutoLayoutExample */ = {
			isa = PBXNativeTarget;
			buildConfigurationList = D0AF1779205915EF00D7A460 /* Build configuration list for PBXNativeTarget "AutoLayoutExample" */;
			buildPhases = (
				D0AF175F205915EF00D7A460 /* Sources */,
				D0AF1760205915EF00D7A460 /* Frameworks */,
				D0AF1761205915EF00D7A460 /* Resources */,
			);
			buildRules = (
			);
			dependencies = (
			);
			name = AutoLayoutExample;
			productName = AutoLayoutExample;
			productReference = D0AF1763205915EF00D7A460 /* AutoLayoutExample.app */;
			productType = "com.apple.product-type.application";
		};
/* End PBXNativeTarget section */

/* Begin PBXProject section */
		D0AF175B205915EF00D7A460 /* Project object */ = {
			isa = PBXProject;
			attributes = {
				LastUpgradeCheck = 0920;
				ORGANIZATIONNAME = xiaoyuan;
				TargetAttributes = {
					D0AF1762205915EF00D7A460 = {
						CreatedOnToolsVersion = 9.2;
						ProvisioningStyle = Automatic;
					};
				};
			};
			buildConfigurationList = D0AF175E205915EF00D7A460 /* Build configuration list for PBXProject "AutoLayoutExample" */;
			compatibilityVersion = "Xcode 8.0";
			developmentRegion = en;
			hasScannedForEncodings = 0;
			knownRegions = (
				en,
				Base,
			);
			mainGroup = D0AF175A205915EF00D7A460;
			productRefGroup = D0AF1764205915EF00D7A460 /* Products */;
			projectDirPath = "";
			projectRoot = "";
			targets = (
				D0AF1762205915EF00D7A460 /* AutoLayoutExample */,
			);
		};
/* End PBXProject section */

/* Begin PBXResourcesBuildPhase section */
		D0AF1761205915EF00D7A460 /* Resources */ = {
			isa = PBXResourcesBuildPhase;
			buildActionMask = 2147483647;
			files = (
				D0AF1773205915EF00D7A460 /* LaunchScreen.storyboard in Resources */,
				D0AF1770205915EF00D7A460 /* Assets.xcassets in Resources */,
				D0AF176E205915EF00D7A460 /* Main.storyboard in Resources */,
			);
			runOnlyForDeploymentPostprocessing = 0;
		};
/* End PBXResourcesBuildPhase section */

/* Begin PBXSourcesBuildPhase section */
		D0AF175F205915EF00D7A460 /* Sources */ = {
			isa = PBXSourcesBuildPhase;
			buildActionMask = 2147483647;
			files = (
				D0AF176B205915EF00D7A460 /* ViewController.m in Sources */,
				D06A6A3C205B93AB0096304F /* NaviViewController2.m in Sources */,
				D0AF1776205915EF00D7A460 /* main.m in Sources */,
				D0AF1768205915EF00D7A460 /* AppDelegate.m in Sources */,
				D0BE5A32205A3215006CE5EE /* NaviViewController.m in Sources */,
				D06A6A39205B91B30096304F /* NaviActionController.m in Sources */,
				D06A6A38205B8F7C0096304F /* NaviActionContentView.m in Sources */,
				D06A6A35205B86410096304F /* NaviActionController2.m in Sources */,
				D0BE5A35205A347D006CE5EE /* DragViewController.m in Sources */,
				D0BE5A5A205A4972006CE5EE /* LabelViewController.m in Sources */,
			);
			runOnlyForDeploymentPostprocessing = 0;
		};
/* End PBXSourcesBuildPhase section */

/* Begin PBXVariantGroup section */
		D0AF176C205915EF00D7A460 /* Main.storyboard */ = {
			isa = PBXVariantGroup;
			children = (
				D0AF176D205915EF00D7A460 /* Base */,
			);
			name = Main.storyboard;
			sourceTree = "<group>";
		};
		D0AF1771205915EF00D7A460 /* LaunchScreen.storyboard */ = {
			isa = PBXVariantGroup;
			children = (
				D0AF1772205915EF00D7A460 /* Base */,
			);
			name = LaunchScreen.storyboard;
			sourceTree = "<group>";
		};
/* End PBXVariantGroup section */

/* Begin XCBuildConfiguration section */
		D0AF1777205915EF00D7A460 /* Debug */ = {
			isa = XCBuildConfiguration;
			buildSettings = {
				ALWAYS_SEARCH_USER_PATHS = NO;
				CLANG_ANALYZER_NONNULL = YES;
				CLANG_ANALYZER_NUMBER_OBJECT_CONVERSION = YES_AGGRESSIVE;
				CLANG_CXX_LANGUAGE_STANDARD = "gnu++14";
				CLANG_CXX_LIBRARY = "libc++";
				CLANG_ENABLE_MODULES = YES;
				CLANG_ENABLE_OBJC_ARC = YES;
				CLANG_WARN_BLOCK_CAPTURE_AUTORELEASING = YES;
				CLANG_WARN_BOOL_CONVERSION = YES;
				CLANG_WARN_COMMA = YES;
				CLANG_WARN_CONSTANT_CONVERSION = YES;
				CLANG_WARN_DIRECT_OBJC_ISA_USAGE = YES_ERROR;
				CLANG_WARN_DOCUMENTATION_COMMENTS = YES;
				CLANG_WARN_EMPTY_BODY = YES;
				CLANG_WARN_ENUM_CONVERSION = YES;
				CLANG_WARN_INFINITE_RECURSION = YES;
				CLANG_WARN_INT_CONVERSION = YES;
				CLANG_WARN_NON_LITERAL_NULL_CONVERSION = YES;
				CLANG_WARN_OBJC_LITERAL_CONVERSION = YES;
				CLANG_WARN_OBJC_ROOT_CLASS = YES_ERROR;
				CLANG_WARN_RANGE_LOOP_ANALYSIS = YES;
				CLANG_WARN_STRICT_PROTOTYPES = YES;
				CLANG_WARN_SUSPICIOUS_MOVE = YES;
				CLANG_WARN_UNGUARDED_AVAILABILITY = YES_AGGRESSIVE;
				CLANG_WARN_UNREACHABLE_CODE = YES;
				CLANG_WARN__DUPLICATE_METHOD_MATCH = YES;
				CODE_SIGN_IDENTITY = "iPhone Developer";
				COPY_PHASE_STRIP = NO;
				DEBUG_INFORMATION_FORMAT = dwarf;
				ENABLE_STRICT_OBJC_MSGSEND = YES;
				ENABLE_TESTABILITY = YES;
				GCC_C_LANGUAGE_STANDARD = gnu11;
				GCC_DYNAMIC_NO_PIC = NO;
				GCC_NO_COMMON_BLOCKS = YES;
				GCC_OPTIMIZATION_LEVEL = 0;
				GCC_PREPROCESSOR_DEFINITIONS = (
					"DEBUG=1",
					"$(inherited)",
				);
				GCC_WARN_64_TO_32_BIT_CONVERSION = YES;
				GCC_WARN_ABOUT_RETURN_TYPE = YES_ERROR;
				GCC_WARN_UNDECLARED_SELECTOR = YES;
				GCC_WARN_UNINITIALIZED_AUTOS = YES_AGGRESSIVE;
				GCC_WARN_UNUSED_FUNCTION = YES;
				GCC_WARN_UNUSED_VARIABLE = YES;
				IPHONEOS_DEPLOYMENT_TARGET = 11.2;
				MTL_ENABLE_DEBUG_INFO = YES;
				ONLY_ACTIVE_ARCH = YES;
				SDKROOT = iphoneos;
			};
			name = Debug;
		};
		D0AF1778205915EF00D7A460 /* Release */ = {
			isa = XCBuildConfiguration;
			buildSettings = {
				ALWAYS_SEARCH_USER_PATHS = NO;
				CLANG_ANALYZER_NONNULL = YES;
				CLANG_ANALYZER_NUMBER_OBJECT_CONVERSION = YES_AGGRESSIVE;
				CLANG_CXX_LANGUAGE_STANDARD = "gnu++14";
				CLANG_CXX_LIBRARY = "libc++";
				CLANG_ENABLE_MODULES = YES;
				CLANG_ENABLE_OBJC_ARC = YES;
				CLANG_WARN_BLOCK_CAPTURE_AUTORELEASING = YES;
				CLANG_WARN_BOOL_CONVERSION = YES;
				CLANG_WARN_COMMA = YES;
				CLANG_WARN_CONSTANT_CONVERSION = YES;
				CLANG_WARN_DIRECT_OBJC_ISA_USAGE = YES_ERROR;
				CLANG_WARN_DOCUMENTATION_COMMENTS = YES;
				CLANG_WARN_EMPTY_BODY = YES;
				CLANG_WARN_ENUM_CONVERSION = YES;
				CLANG_WARN_INFINITE_RECURSION = YES;
				CLANG_WARN_INT_CONVERSION = YES;
				CLANG_WARN_NON_LITERAL_NULL_CONVERSION = YES;
				CLANG_WARN_OBJC_LITERAL_CONVERSION = YES;
				CLANG_WARN_OBJC_ROOT_CLASS = YES_ERROR;
				CLANG_WARN_RANGE_LOOP_ANALYSIS = YES;
				CLANG_WARN_STRICT_PROTOTYPES = YES;
				CLANG_WARN_SUSPICIOUS_MOVE = YES;
				CLANG_WARN_UNGUARDED_AVAILABILITY = YES_AGGRESSIVE;
				CLANG_WARN_UNREACHABLE_CODE = YES;
				CLANG_WARN__DUPLICATE_METHOD_MATCH = YES;
				CODE_SIGN_IDENTITY = "iPhone Developer";
				COPY_PHASE_STRIP = NO;
				DEBUG_INFORMATION_FORMAT = "dwarf-with-dsym";
				ENABLE_NS_ASSERTIONS = NO;
				ENABLE_STRICT_OBJC_MSGSEND = YES;
				GCC_C_LANGUAGE_STANDARD = gnu11;
				GCC_NO_COMMON_BLOCKS = YES;
				GCC_WARN_64_TO_32_BIT_CONVERSION = YES;
				GCC_WARN_ABOUT_RETURN_TYPE = YES_ERROR;
				GCC_WARN_UNDECLARED_SELECTOR = YES;
				GCC_WARN_UNINITIALIZED_AUTOS = YES_AGGRESSIVE;
				GCC_WARN_UNUSED_FUNCTION = YES;
				GCC_WARN_UNUSED_VARIABLE = YES;
				IPHONEOS_DEPLOYMENT_TARGET = 11.2;
				MTL_ENABLE_DEBUG_INFO = NO;
				SDKROOT = iphoneos;
				VALIDATE_PRODUCT = YES;
			};
			name = Release;
		};
		D0AF177A205915EF00D7A460 /* Debug */ = {
			isa = XCBuildConfiguration;
			buildSettings = {
				ASSETCATALOG_COMPILER_APPICON_NAME = AppIcon;
				CODE_SIGN_STYLE = Automatic;
				DEVELOPMENT_TEAM = NKW67GFDHM;
				INFOPLIST_FILE = AutoLayoutExample/Info.plist;
				IPHONEOS_DEPLOYMENT_TARGET = 9.0;
				LD_RUNPATH_SEARCH_PATHS = "$(inherited) @executable_path/Frameworks";
				PRODUCT_BUNDLE_IDENTIFIER = com.alpface.AutoLayoutExample;
				PRODUCT_NAME = "$(TARGET_NAME)";
				TARGETED_DEVICE_FAMILY = "1,2";
			};
			name = Debug;
		};
		D0AF177B205915EF00D7A460 /* Release */ = {
			isa = XCBuildConfiguration;
			buildSettings = {
				ASSETCATALOG_COMPILER_APPICON_NAME = AppIcon;
				CODE_SIGN_STYLE = Automatic;
				DEVELOPMENT_TEAM = NKW67GFDHM;
				INFOPLIST_FILE = AutoLayoutExample/Info.plist;
				IPHONEOS_DEPLOYMENT_TARGET = 9.0;
				LD_RUNPATH_SEARCH_PATHS = "$(inherited) @executable_path/Frameworks";
				PRODUCT_BUNDLE_IDENTIFIER = com.alpface.AutoLayoutExample;
				PRODUCT_NAME = "$(TARGET_NAME)";
				TARGETED_DEVICE_FAMILY = "1,2";
			};
			name = Release;
		};
/* End XCBuildConfiguration section */

/* Begin XCConfigurationList section */
		D0AF175E205915EF00D7A460 /* Build configuration list for PBXProject "AutoLayoutExample" */ = {
			isa = XCConfigurationList;
			buildConfigurations = (
				D0AF1777205915EF00D7A460 /* Debug */,
				D0AF1778205915EF00D7A460 /* Release */,
			);
			defaultConfigurationIsVisible = 0;
			defaultConfigurationName = Release;
		};
		D0AF1779205915EF00D7A460 /* Build configuration list for PBXNativeTarget "AutoLayoutExample" */ = {
			isa = XCConfigurationList;
			buildConfigurations = (
				D0AF177A205915EF00D7A460 /* Debug */,
				D0AF177B205915EF00D7A460 /* Release */,
			);
			defaultConfigurationIsVisible = 0;
			defaultConfigurationName = Release;
		};
/* End XCConfigurationList section */
	};
	rootObject = D0AF175B205915EF00D7A460 /* Project object */;
}
